
Microsoft Visual Studio Solution File, Format Version 12.00
# Visual Studio 2012
VisualStudioVersion = 12.0.30723.0
MinimumVisualStudioVersion = 10.0.40219.1
Project("{FAE04EC0-301F-11D3-BF4B-00C04F79EFBC}") = "UnviredMonoTouchSample", "UnviredMonoTouchSample.csproj", "{628AEDDD-ADBA-4B71-9813-7664DE0822E2}"
EndProject
Global
	GlobalSection(SolutionConfigurationPlatforms) = preSolution
		Ad-Hoc|iPhone = Ad-Hoc|iPhone
		Ad-Hoc|iPhoneSimulator = Ad-Hoc|iPhoneSimulator
		AppStore|iPhone = AppStore|iPhone
		AppStore|iPhoneSimulator = AppStore|iPhoneSimulator
		Debug|iPhone = Debug|iPhone
		Debug|iPhoneSimulator = Debug|iPhoneSimulator
		Release|iPhone = Release|iPhone
		Release|iPhoneSimulator = Release|iPhoneSimulator
	EndGlobalSection
	GlobalSection(ProjectConfigurationPlatforms) = postSolution
		{628AEDDD-ADBA-4B71-9813-7664DE0822E2}.Ad-Hoc|iPhone.ActiveCfg = Ad-Hoc|iPhone
		{628AEDDD-ADBA-4B71-9813-7664DE0822E2}.Ad-Hoc|iPhone.Build.0 = Ad-Hoc|iPhone
		{628AEDDD-ADBA-4B71-9813-7664DE0822E2}.Ad-Hoc|iPhoneSimulator.ActiveCfg = Ad-Hoc|iPhoneSimulator
		{628AEDDD-ADBA-4B71-9813-7664DE0822E2}.Ad-Hoc|iPhoneSimulator.Build.0 = Ad-Hoc|iPhoneSimulator
		{628AEDDD-ADBA-4B71-9813-7664DE0822E2}.AppStore|iPhone.ActiveCfg = AppStore|iPhone
		{628AEDDD-ADBA-4B71-9813-7664DE0822E2}.AppStore|iPhone.Build.0 = AppStore|iPhone
		{628AEDDD-ADBA-4B71-9813-7664DE0822E2}.AppStore|iPhoneSimulator.ActiveCfg = AppStore|iPhoneSimulator
		{628AEDDD-ADBA-4B71-9813-7664DE0822E2}.AppStore|iPhoneSimulator.Build.0 = AppStore|iPhoneSimulator
		{628AEDDD-ADBA-4B71-9813-7664DE0822E2}.Debug|iPhone.ActiveCfg = Debug|iPhone
		{628AEDDD-ADBA-4B71-9813-7664DE0822E2}.Debug|iPhone.Build.0 = Debug|iPhone
		{628AEDDD-ADBA-4B71-9813-7664DE0822E2}.Debug|iPhoneSimulator.ActiveCfg = Debug|iPhoneSimulator
		{628AEDDD-ADBA-4B71-9813-7664DE0822E2}.Debug|iPhoneSimulator.Build.0 = Debug|iPhoneSimulator
		{628AEDDD-ADBA-4B71-9813-7664DE0822E2}.Release|iPhone.ActiveCfg = Release|iPhone
		{628AEDDD-ADBA-4B71-9813-7664DE0822E2}.Release|iPhone.Build.0 = Release|iPhone
		{628AEDDD-ADBA-4B71-9813-7664DE0822E2}.Release|iPhoneSimulator.ActiveCfg = Release|iPhoneSimulator
		{628AEDDD-ADBA-4B71-9813-7664DE0822E2}.Release|iPhoneSimulator.Build.0 = Release|iPhoneSimulator
	EndGlobalSection
	GlobalSection(SolutionProperties) = preSolution
		HideSolutionNode = FALSE
	EndGlobalSection
EndGlobal
